// !$*UTF8*$!
{
	archiveVersion = 1;
	classes = {
	};
	objectVersion = 46;
	objects = {

/* Begin PBXBuildFile section */
		883B9EF81D302814004108AD /* AppDelegate.swift in Sources */ = {isa = PBXBuildFile; fileRef = 883B9EF71D302814004108AD /* AppDelegate.swift */; };
		883B9EFA1D302814004108AD /* ViewController.swift in Sources */ = {isa = PBXBuildFile; fileRef = 883B9EF91D302814004108AD /* ViewController.swift */; };
		883B9EFD1D302814004108AD /* Main.storyboard in Resources */ = {isa = PBXBuildFile; fileRef = 883B9EFB1D302814004108AD /* Main.storyboard */; };
		883B9EFF1D302814004108AD /* Assets.xcassets in Resources */ = {isa = PBXBuildFile; fileRef = 883B9EFE1D302814004108AD /* Assets.xcassets */; };
		883B9F021D302814004108AD /* LaunchScreen.storyboard in Resources */ = {isa = PBXBuildFile; fileRef = 883B9F001D302814004108AD /* LaunchScreen.storyboard */; };
		883B9F0A1D3028A5004108AD /* Character.swift in Sources */ = {isa = PBXBuildFile; fileRef = 883B9F091D3028A5004108AD /* Character.swift */; };
/* End PBXBuildFile section */

/* Begin PBXFileReference section */
		883B9EF41D302814004108AD /* Attack-attack.app */ = {isa = PBXFileReference; explicitFileType = wrapper.application; includeInIndex = 0; path = "Attack-attack.app"; sourceTree = BUILT_PRODUCTS_DIR; };
		883B9EF71D302814004108AD /* AppDelegate.swift */ = {isa = PBXFileReference; lastKnownFileType = sourcecode.swift; path = AppDelegate.swift; sourceTree = "<group>"; };
		883B9EF91D302814004108AD /* ViewController.swift */ = {isa = PBXFileReference; lastKnownFileType = sourcecode.swift; path = ViewController.swift; sourceTree = "<group>"; };
		883B9EFC1D302814004108AD /* Base */ = {isa = PBXFileReference; lastKnownFileType = file.storyboard; name = Base; path = Base.lproj/Main.storyboard; sourceTree = "<group>"; };
		883B9EFE1D302814004108AD /* Assets.xcassets */ = {isa = PBXFileReference; lastKnownFileType = folder.assetcatalog; path = Assets.xcassets; sourceTree = "<group>"; };
		883B9F011D302814004108AD /* Base */ = {isa = PBXFileReference; lastKnownFileType = file.storyboard; name = Base; path = Base.lproj/LaunchScreen.storyboard; sourceTree = "<group>"; };
		883B9F031D302814004108AD /* Info.plist */ = {isa = PBXFileReference; lastKnownFileType = text.plist.xml; path = Info.plist; sourceTree = "<group>"; };
		883B9F091D3028A5004108AD /* Character.swift */ = {isa = PBXFileReference; fileEncoding = 4; lastKnownFileType = sourcecode.swift; path = Character.swift; sourceTree = "<group>"; };
/* End PBXFileReference section */

/* Begin PBXFrameworksBuildPhase section */
		883B9EF11D302814004108AD /* Frameworks */ = {
			isa = PBXFrameworksBuildPhase;
			buildActionMask = 2147483647;
			files = (
			);
			runOnlyForDeploymentPostprocessing = 0;
		};
/* End PBXFrameworksBuildPhase section */

/* Begin PBXGroup section */
		883B9EEB1D302814004108AD = {
			isa = PBXGroup;
			children = (
				883B9EF61D302814004108AD /* Attack-attack */,
				883B9EF51D302814004108AD /* Products */,
			);
			sourceTree = "<group>";
		};
		883B9EF51D302814004108AD /* Products */ = {
			isa = PBXGroup;
			children = (
				883B9EF41D302814004108AD /* Attack-attack.app */,
			);
			name = Products;
			sourceTree = "<group>";
		};
		883B9EF61D302814004108AD /* Attack-attack */ = {
			isa = PBXGroup;
			children = (
				883B9EF71D302814004108AD /* AppDelegate.swift */,
				883B9EF91D302814004108AD /* ViewController.swift */,
				883B9EFB1D302814004108AD /* Main.storyboard */,
				883B9EFE1D302814004108AD /* Assets.xcassets */,
				883B9F001D302814004108AD /* LaunchScreen.storyboard */,
				883B9F031D302814004108AD /* Info.plist */,
				883B9F091D3028A5004108AD /* Character.swift */,
			);
			path = "Attack-attack";
			sourceTree = "<group>";
		};
/* End PBXGroup section */

/* Begin PBXNativeTarget section */
		883B9EF31D302814004108AD /* Attack-attack */ = {
			isa = PBXNativeTarget;
			buildConfigurationList = 883B9F061D302814004108AD /* Build configuration list for PBXNativeTarget "Attack-attack" */;
			buildPhases = (
				883B9EF01D302814004108AD /* Sources */,
				883B9EF11D302814004108AD /* Frameworks */,
				883B9EF21D302814004108AD /* Resources */,
			);
			buildRules = (
			);
			dependencies = (
			);
			name = "Attack-attack";
			productName = "Attack-attack";
			productReference = 883B9EF41D302814004108AD /* Attack-attack.app */;
			productType = "com.apple.product-type.application";
		};
/* End PBXNativeTarget section */

/* Begin PBXProject section */
		883B9EEC1D302814004108AD /* Project object */ = {
			isa = PBXProject;
			attributes = {
				LastSwiftUpdateCheck = 0730;
				LastUpgradeCheck = 0730;
				ORGANIZATIONNAME = Adam;
				TargetAttributes = {
					883B9EF31D302814004108AD = {
						CreatedOnToolsVersion = 7.3.1;
					};
				};
			};
			buildConfigurationList = 883B9EEF1D302814004108AD /* Build configuration list for PBXProject "Attack-attack" */;
			compatibilityVersion = "Xcode 3.2";
			developmentRegion = English;
			hasScannedForEncodings = 0;
			knownRegions = (
				en,
				Base,
			);
			mainGroup = 883B9EEB1D302814004108AD;
			productRefGroup = 883B9EF51D302814004108AD /* Products */;
			projectDirPath = "";
			projectRoot = "";
			targets = (
				883B9EF31D302814004108AD /* Attack-attack */,
			);
		};
/* End PBXProject section */

/* Begin PBXResourcesBuildPhase section */
		883B9EF21D302814004108AD /* Resources */ = {
			isa = PBXResourcesBuildPhase;
			buildActionMask = 2147483647;
			files = (
				883B9F021D302814004108AD /* LaunchScreen.storyboard in Resources */,
				883B9EFF1D302814004108AD /* Assets.xcassets in Resources */,
				883B9EFD1D302814004108AD /* Main.storyboard in Resources */,
			);
			runOnlyForDeploymentPostprocessing = 0;
		};
/* End PBXResourcesBuildPhase section */

/* Begin PBXSourcesBuildPhase section */
		883B9EF01D302814004108AD /* Sources */ = {
			isa = PBXSourcesBuildPhase;
			buildActionMask = 2147483647;
			files = (
				883B9F0A1D3028A5004108AD /* Character.swift in Sources */,
				883B9EFA1D302814004108AD /* ViewController.swift in Sources */,
				883B9EF81D302814004108AD /* AppDelegate.swift in Sources */,
			);
			runOnlyForDeploymentPostprocessing = 0;
		};
/* End PBXSourcesBuildPhase section */

/* Begin PBXVariantGroup section */
		883B9EFB1D302814004108AD /* Main.storyboard */ = {
			isa = PBXVariantGroup;
			children = (
				883B9EFC1D302814004108AD /* Base */,
			);
			name = Main.storyboard;
			sourceTree = "<group>";
		};
		883B9F001D302814004108AD /* LaunchScreen.storyboard */ = {
			isa = PBXVariantGroup;
			children = (
				883B9F011D302814004108AD /* Base */,
			);
			name = LaunchScreen.storyboard;
			sourceTree = "<group>";
		};
/* End PBXVariantGroup section */

/* Begin XCBuildConfiguration section */
		883B9F041D302814004108AD /* Debug */ = {
			isa = XCBuildConfiguration;
			buildSettings = {
				ALWAYS_SEARCH_USER_PATHS = NO;
				CLANG_ANALYZER_NONNULL = YES;
				CLANG_CXX_LANGUAGE_STANDARD = "gnu++0x";
				CLANG_CXX_LIBRARY = "libc++";
				CLANG_ENABLE_MODULES = YES;
				CLANG_ENABLE_OBJC_ARC = YES;
				CLANG_WARN_BOOL_CONVERSION = YES;
				CLANG_WARN_CONSTANT_CONVERSION = YES;
				CLANG_WARN_DIRECT_OBJC_ISA_USAGE = YES_ERROR;
				CLANG_WARN_EMPTY_BODY = YES;
				CLANG_WARN_ENUM_CONVERSION = YES;
				CLANG_WARN_INT_CONVERSION = YES;
				CLANG_WARN_OBJC_ROOT_CLASS = YES_ERROR;
				CLANG_WARN_UNREACHABLE_CODE = YES;
				CLANG_WARN__DUPLICATE_METHOD_MATCH = YES;
				"CODE_SIGN_IDENTITY[sdk=iphoneos*]" = "iPhone Developer";
				COPY_PHASE_STRIP = NO;
				DEBUG_INFORMATION_FORMAT = dwarf;
				ENABLE_STRICT_OBJC_MSGSEND = YES;
				ENABLE_TESTABILITY = YES;
				GCC_C_LANGUAGE_STANDARD = gnu99;
				GCC_DYNAMIC_NO_PIC = NO;
				GCC_NO_COMMON_BLOCKS = YES;
				GCC_OPTIMIZATION_LEVEL = 0;
				GCC_PREPROCESSOR_DEFINITIONS = (
					"DEBUG=1",
					"$(inherited)",
				);
				GCC_WARN_64_TO_32_BIT_CONVERSION = YES;
				GCC_WARN_ABOUT_RETURN_TYPE = YES_ERROR;
				GCC_WARN_UNDECLARED_SELECTOR = YES;
				GCC_WARN_UNINITIALIZED_AUTOS = YES_AGGRESSIVE;
				GCC_WARN_UNUSED_FUNCTION = YES;
				GCC_WARN_UNUSED_VARIABLE = YES;
				IPHONEOS_DEPLOYMENT_TARGET = 9.3;
				MTL_ENABLE_DEBUG_INFO = YES;
				ONLY_ACTIVE_ARCH = YES;
				SDKROOT = iphoneos;
				SWIFT_OPTIMIZATION_LEVEL = "-Onone";
				TARGETED_DEVICE_FAMILY = "1,2";
			};
			name = Debug;
		};
		883B9F051D302814004108AD /* Release */ = {
			isa = XCBuildConfiguration;
			buildSettings = {
				ALWAYS_SEARCH_USER_PATHS = NO;
				CLANG_ANALYZER_NONNULL = YES;
				CLANG_CXX_LANGUAGE_STANDARD = "gnu++0x";
				CLANG_CXX_LIBRARY = "libc++";
				CLANG_ENABLE_MODULES = YES;
				CLANG_ENABLE_OBJC_ARC = YES;
				CLANG_WARN_BOOL_CONVERSION = YES;
				CLANG_WARN_CONSTANT_CONVERSION = YES;
				CLANG_WARN_DIRECT_OBJC_ISA_USAGE = YES_ERROR;
				CLANG_WARN_EMPTY_BODY = YES;
				CLANG_WARN_ENUM_CONVERSION = YES;
				CLANG_WARN_INT_CONVERSION = YES;
				CLANG_WARN_OBJC_ROOT_CLASS = YES_ERROR;
				CLANG_WARN_UNREACHABLE_CODE = YES;
				CLANG_WARN__DUPLICATE_METHOD_MATCH = YES;
				"CODE_SIGN_IDENTITY[sdk=iphoneos*]" = "iPhone Developer";
				COPY_PHASE_STRIP = NO;
				DEBUG_INFORMATION_FORMAT = "dwarf-with-dsym";
				ENABLE_NS_ASSERTIONS = NO;
				ENABLE_STRICT_OBJC_MSGSEND = YES;
				GCC_C_LANGUAGE_STANDARD = gnu99;
				GCC_NO_COMMON_BLOCKS = YES;
				GCC_WARN_64_TO_32_BIT_CONVERSION = YES;
				GCC_WARN_ABOUT_RETURN_TYPE = YES_ERROR;
				GCC_WARN_UNDECLARED_SELECTOR = YES;
				GCC_WARN_UNINITIALIZED_AUTOS = YES_AGGRESSIVE;
				GCC_WARN_UNUSED_FUNCTION = YES;
				GCC_WARN_UNUSED_VARIABLE = YES;
				IPHONEOS_DEPLOYMENT_TARGET = 9.3;
				MTL_ENABLE_DEBUG_INFO = NO;
				SDKROOT = iphoneos;
				TARGETED_DEVICE_FAMILY = "1,2";
				VALIDATE_PRODUCT = YES;
			};
			name = Release;
		};
		883B9F071D302814004108AD /* Debug */ = {
			isa = XCBuildConfiguration;
			buildSettings = {
				ASSETCATALOG_COMPILER_APPICON_NAME = AppIcon;
				INFOPLIST_FILE = "Attack-attack/Info.plist";
				LD_RUNPATH_SEARCH_PATHS = "$(inherited) @executable_path/Frameworks";
				PRODUCT_BUNDLE_IDENTIFIER = "com.adam.Attack-attack";
				PRODUCT_NAME = "$(TARGET_NAME)";
			};
			name = Debug;
		};
		883B9F081D302814004108AD /* Release */ = {
			isa = XCBuildConfiguration;
			buildSettings = {
				ASSETCATALOG_COMPILER_APPICON_NAME = AppIcon;
				INFOPLIST_FILE = "Attack-attack/Info.plist";
				LD_RUNPATH_SEARCH_PATHS = "$(inherited) @executable_path/Frameworks";
				PRODUCT_BUNDLE_IDENTIFIER = "com.adam.Attack-attack";
				PRODUCT_NAME = "$(TARGET_NAME)";
			};
			name = Release;
		};
/* End XCBuildConfiguration section */

/* Begin XCConfigurationList section */
		883B9EEF1D302814004108AD /* Build configuration list for PBXProject "Attack-attack" */ = {
			isa = XCConfigurationList;
			buildConfigurations = (
				883B9F041D302814004108AD /* Debug */,
				883B9F051D302814004108AD /* Release */,
			);
			defaultConfigurationIsVisible = 0;
			defaultConfigurationName = Release;
		};
		883B9F061D302814004108AD /* Build configuration list for PBXNativeTarget "Attack-attack" */ = {
			isa = XCConfigurationList;
			buildConfigurations = (
				883B9F071D302814004108AD /* Debug */,
				883B9F081D302814004108AD /* Release */,
			);
			defaultConfigurationIsVisible = 0;
		};
/* End XCConfigurationList section */
	};
	rootObject = 883B9EEC1D302814004108AD /* Project object */;
}
